
Microsoft Visual Studio Solution File, Format Version 12.00
# Visual Studio 15
VisualStudioVersion = 15.0.28307.1000
MinimumVisualStudioVersion = 10.0.40219.1
Project("{FAE04EC0-301F-11D3-BF4B-00C04F79EFBC}") = "Module 04 (Wikipedia)", "Module 04 (Wikipedia)\Module 04 (Wikipedia).csproj", "{5D31BB17-953D-4561-B226-2C668EC5D744}"
EndProject
Global
	GlobalSection(SolutionConfigurationPlatforms) = preSolution
		Debug|Any CPU = Debug|Any CPU
		Release|Any CPU = Release|Any CPU
	EndGlobalSection
	GlobalSection(ProjectConfigurationPlatforms) = postSolution
		{5D31BB17-953D-4561-B226-2C668EC5D744}.Debug|Any CPU.ActiveCfg = Debug|Any CPU
		{5D31BB17-953D-4561-B226-2C668EC5D744}.Debug|Any CPU.Build.0 = Debug|Any CPU
		{5D31BB17-953D-4561-B226-2C668EC5D744}.Release|Any CPU.ActiveCfg = Release|Any CPU
		{5D31BB17-953D-4561-B226-2C668EC5D744}.Release|Any CPU.Build.0 = Release|Any CPU
	EndGlobalSection
	GlobalSection(SolutionProperties) = preSolution
		HideSolutionNode = FALSE
	EndGlobalSection
	GlobalSection(ExtensibilityGlobals) = postSolution
		SolutionGuid = {21F8237C-676F-4CF5-96A7-F94FF859C47C}
	EndGlobalSection
EndGlobal
