
Microsoft Visual Studio Solution File, Format Version 12.00
# Visual Studio 15
VisualStudioVersion = 15.0.28307.1000
MinimumVisualStudioVersion = 10.0.40219.1
Project("{FAE04EC0-301F-11D3-BF4B-00C04F79EFBC}") = "wordGame", "wordGame\wordGame.csproj", "{86D0FD6C-082E-46BF-BDA6-FD4F0F8C3765}"
EndProject
Global
	GlobalSection(SolutionConfigurationPlatforms) = preSolution
		Debug|Any CPU = Debug|Any CPU
		Release|Any CPU = Release|Any CPU
	EndGlobalSection
	GlobalSection(ProjectConfigurationPlatforms) = postSolution
		{86D0FD6C-082E-46BF-BDA6-FD4F0F8C3765}.Debug|Any CPU.ActiveCfg = Debug|Any CPU
		{86D0FD6C-082E-46BF-BDA6-FD4F0F8C3765}.Debug|Any CPU.Build.0 = Debug|Any CPU
		{86D0FD6C-082E-46BF-BDA6-FD4F0F8C3765}.Release|Any CPU.ActiveCfg = Release|Any CPU
		{86D0FD6C-082E-46BF-BDA6-FD4F0F8C3765}.Release|Any CPU.Build.0 = Release|Any CPU
	EndGlobalSection
	GlobalSection(SolutionProperties) = preSolution
		HideSolutionNode = FALSE
	EndGlobalSection
	GlobalSection(ExtensibilityGlobals) = postSolution
		SolutionGuid = {2C0CF080-4034-4A17-8739-A7A25729A312}
	EndGlobalSection
EndGlobal
